{
  "name": "model",
  "lockfileVersion": 3,
  "requires": true,
  "packages": {
    "": {
      "devDependencies": {
        "@types/chrome": "^0.0.246"
      }
    },
    "node_modules/@types/chrome": {
      "version": "0.0.246",
      "resolved": "https://registry.npmjs.org/@types/chrome/-/chrome-0.0.246.tgz",
      "integrity": "sha512-MxGxEomGxsJiL9xe/7ZwVgwdn8XVKWbPvxpVQl3nWOjrS0Ce63JsfzxUc4aU3GvRcUPYsfufHmJ17BFyKxeA4g==",
      "dev": true,
      "dependencies": {
        "@types/filesystem": "*",
        "@types/har-format": "*"
      }
    },
    "node_modules/@types/filesystem": {
      "version": "0.0.33",
      "resolved": "https://registry.npmjs.org/@types/filesystem/-/filesystem-0.0.33.tgz",
      "integrity": "sha512-2KedRPzwu2K528vFkoXnnWdsG0MtUwPjuA7pRy4vKxlxHEe8qUDZibYHXJKZZr2Cl/ELdCWYqyb/MKwsUuzBWw==",
      "dev": true,
      "dependencies": {
        "@types/filewriter": "*"
      }
    },
    "node_modules/@types/filewriter": {
      "version": "0.0.30",
      "resolved": "https://registry.npmjs.org/@types/filewriter/-/filewriter-0.0.30.tgz",
      "integrity": "sha512-lB98tui0uxc7erbj0serZfJlHKLNJHwBltPnbmO1WRpL5T325GOHRiQfr2E29V2q+S1brDO63Fpdt6vb3bES9Q==",
      "dev": true
    },
    "node_modules/@types/har-format": {
      "version": "1.2.12",
      "resolved": "https://registry.npmjs.org/@types/har-format/-/har-format-1.2.12.tgz",
      "integrity": "sha512-P20p/YBrqUBmzD6KhIQ8EiY4/RRzlekL4eCvfQnulFPfjmiGxKIoyCeI7qam5I7oKH3P8EU4ptEi0EfyGoLysw==",
      "dev": true
    }
  }
}
